
Microsoft Visual Studio Solution File, Format Version 12.00
# Visual Studio Version 16
VisualStudioVersion = 16.0.31321.278
MinimumVisualStudioVersion = 10.0.40219.1
Project("{9A19103F-16F7-4668-BE54-9A1E7A4F7556}") = "RadialGaugeControl", "RadialGaugeControl\RadialGaugeControl.csproj", "{08266786-582A-4A53-BDFB-FDD50291920C}"
EndProject
Project("{9A19103F-16F7-4668-BE54-9A1E7A4F7556}") = "TestControl", "TestControl\TestControl.csproj", "{7E69F1E5-4BEF-42FB-8F73-B711FEB3518B}"
EndProject
Global
	GlobalSection(SolutionConfigurationPlatforms) = preSolution
		Debug|Any CPU = Debug|Any CPU
		Release|Any CPU = Release|Any CPU
	EndGlobalSection
	GlobalSection(ProjectConfigurationPlatforms) = postSolution
		{08266786-582A-4A53-BDFB-FDD50291920C}.Debug|Any CPU.ActiveCfg = Debug|Any CPU
		{08266786-582A-4A53-BDFB-FDD50291920C}.Debug|Any CPU.Build.0 = Debug|Any CPU
		{08266786-582A-4A53-BDFB-FDD50291920C}.Release|Any CPU.ActiveCfg = Release|Any CPU
		{08266786-582A-4A53-BDFB-FDD50291920C}.Release|Any CPU.Build.0 = Release|Any CPU
		{7E69F1E5-4BEF-42FB-8F73-B711FEB3518B}.Debug|Any CPU.ActiveCfg = Debug|Any CPU
		{7E69F1E5-4BEF-42FB-8F73-B711FEB3518B}.Debug|Any CPU.Build.0 = Debug|Any CPU
		{7E69F1E5-4BEF-42FB-8F73-B711FEB3518B}.Release|Any CPU.ActiveCfg = Release|Any CPU
		{7E69F1E5-4BEF-42FB-8F73-B711FEB3518B}.Release|Any CPU.Build.0 = Release|Any CPU
	EndGlobalSection
	GlobalSection(SolutionProperties) = preSolution
		HideSolutionNode = FALSE
	EndGlobalSection
	GlobalSection(ExtensibilityGlobals) = postSolution
		SolutionGuid = {E08C004F-8C3C-4DBC-A894-5B5794E11F9B}
	EndGlobalSection
EndGlobal
